// !$*UTF8*$!
{
	archiveVersion = 1;
	classes = {
	};
	objectVersion = 50;
	objects = {

/* Begin PBXBuildFile section */
		FA0AA87D23E602C9009B2F60 /* AddWordView.xib in Resources */ = {isa = PBXBuildFile; fileRef = FA0AA87C23E602C9009B2F60 /* AddWordView.xib */; };
		FA0AA87F23E602F4009B2F60 /* LoginViewController.xib in Resources */ = {isa = PBXBuildFile; fileRef = FA0AA87E23E602F4009B2F60 /* LoginViewController.xib */; };
		FA0AA88123E60304009B2F60 /* RegistrationViewController.xib in Resources */ = {isa = PBXBuildFile; fileRef = FA0AA88023E60304009B2F60 /* RegistrationViewController.xib */; };
		FA0AA88323E8929D009B2F60 /* SettingViewController.swift in Sources */ = {isa = PBXBuildFile; fileRef = FA0AA88223E8929D009B2F60 /* SettingViewController.swift */; };
		FA0AA88523E892E0009B2F60 /* SettingViewController.xib in Resources */ = {isa = PBXBuildFile; fileRef = FA0AA88423E892E0009B2F60 /* SettingViewController.xib */; };
		FA0AA88723E9F6E5009B2F60 /* Nib.swift in Sources */ = {isa = PBXBuildFile; fileRef = FA0AA88623E9F6E5009B2F60 /* Nib.swift */; };
		FA1C42C923FDAE480058BB26 /* SoundManager.swift in Sources */ = {isa = PBXBuildFile; fileRef = FA1C42C823FDAE480058BB26 /* SoundManager.swift */; };
		FA2B959723FC74BF007B3210 /* HandlingAnswers.swift in Sources */ = {isa = PBXBuildFile; fileRef = FA2B959623FC74BF007B3210 /* HandlingAnswers.swift */; };
		FA33187323F47AB200FC763E /* WordManager.swift in Sources */ = {isa = PBXBuildFile; fileRef = FA33187223F47AB200FC763E /* WordManager.swift */; };
		FA4AA85A23DF5D0300ED1DFF /* Word.swift in Sources */ = {isa = PBXBuildFile; fileRef = FA4AA85923DF5D0300ED1DFF /* Word.swift */; };
		FA50044823CA80DB00A887A9 /* RegistrationViewController.swift in Sources */ = {isa = PBXBuildFile; fileRef = FA50044723CA80DB00A887A9 /* RegistrationViewController.swift */; };
		FA50044A23CA83D400A887A9 /* LoginViewController.swift in Sources */ = {isa = PBXBuildFile; fileRef = FA50044923CA83D400A887A9 /* LoginViewController.swift */; };
		FA508052238D5A740069207F /* UITableView.swift in Sources */ = {isa = PBXBuildFile; fileRef = FA508051238D5A740069207F /* UITableView.swift */; };
		FA55CDC22402A6DD002B5927 /* AnswersCollectionViewCell.xib in Resources */ = {isa = PBXBuildFile; fileRef = FA55CDC12402A6DD002B5927 /* AnswersCollectionViewCell.xib */; };
		FA62DBD42380031A0084FBC9 /* AppDelegate.swift in Sources */ = {isa = PBXBuildFile; fileRef = FA62DBD32380031A0084FBC9 /* AppDelegate.swift */; };
		FA62DBD62380031A0084FBC9 /* SceneDelegate.swift in Sources */ = {isa = PBXBuildFile; fileRef = FA62DBD52380031A0084FBC9 /* SceneDelegate.swift */; };
		FA62DBD82380031A0084FBC9 /* MainViewController.swift in Sources */ = {isa = PBXBuildFile; fileRef = FA62DBD72380031A0084FBC9 /* MainViewController.swift */; };
		FA62DBDB2380031A0084FBC9 /* Main.storyboard in Resources */ = {isa = PBXBuildFile; fileRef = FA62DBD92380031A0084FBC9 /* Main.storyboard */; };
		FA62DBDD2380031D0084FBC9 /* Assets.xcassets in Resources */ = {isa = PBXBuildFile; fileRef = FA62DBDC2380031D0084FBC9 /* Assets.xcassets */; };
		FA62DBE02380031D0084FBC9 /* LaunchScreen.storyboard in Resources */ = {isa = PBXBuildFile; fileRef = FA62DBDE2380031D0084FBC9 /* LaunchScreen.storyboard */; };
		FA62DBE8238874D50084FBC9 /* AddWordView.swift in Sources */ = {isa = PBXBuildFile; fileRef = FA62DBE7238874D50084FBC9 /* AddWordView.swift */; };
		FA6A8FBF2401349A00653FF3 /* AnsweersCollectionViewController.swift in Sources */ = {isa = PBXBuildFile; fileRef = FA6A8FBE2401349A00653FF3 /* AnsweersCollectionViewController.swift */; };
		FA6A8FC12401355300653FF3 /* AnsweersCollectionViewController.xib in Resources */ = {isa = PBXBuildFile; fileRef = FA6A8FC02401355300653FF3 /* AnsweersCollectionViewController.xib */; };
		FA81380C23F5D33700A3B126 /* .gitignore in Resources */ = {isa = PBXBuildFile; fileRef = FA81380B23F5D33700A3B126 /* .gitignore */; };
		FA81381223F5DC2200A3B126 /* CollectionViewCell.xib in Resources */ = {isa = PBXBuildFile; fileRef = FA81381123F5DC2200A3B126 /* CollectionViewCell.xib */; };
		FA84162B23F81C9200830984 /* CollectionViewCell.swift in Sources */ = {isa = PBXBuildFile; fileRef = FA84162A23F81C9200830984 /* CollectionViewCell.swift */; };
		FAD2488C23E5BC42004B3D50 /* WordEndPoint.swift in Sources */ = {isa = PBXBuildFile; fileRef = FAD2488B23E5BC42004B3D50 /* WordEndPoint.swift */; };
		FAD2488E23E5BC5F004B3D50 /* NetworkManager.swift in Sources */ = {isa = PBXBuildFile; fileRef = FAD2488D23E5BC5F004B3D50 /* NetworkManager.swift */; };
		FAD2489023E5BC7B004B3D50 /* EndPiontType.swift in Sources */ = {isa = PBXBuildFile; fileRef = FAD2488F23E5BC7B004B3D50 /* EndPiontType.swift */; };
		FAD2489423E5BC9C004B3D50 /* HTTPMethod.swift in Sources */ = {isa = PBXBuildFile; fileRef = FAD2489323E5BC9C004B3D50 /* HTTPMethod.swift */; };
		FAD2489623E5BCAF004B3D50 /* HTTPTask.swift in Sources */ = {isa = PBXBuildFile; fileRef = FAD2489523E5BCAF004B3D50 /* HTTPTask.swift */; };
		FAD2489823E5BCC2004B3D50 /* NetworkRouter.swift in Sources */ = {isa = PBXBuildFile; fileRef = FAD2489723E5BCC2004B3D50 /* NetworkRouter.swift */; };
		FAD2489B23E5BCDB004B3D50 /* Router.swift in Sources */ = {isa = PBXBuildFile; fileRef = FAD2489A23E5BCDB004B3D50 /* Router.swift */; };
		FAD2489D23E5BCEF004B3D50 /* ParameterEncoder.swift in Sources */ = {isa = PBXBuildFile; fileRef = FAD2489C23E5BCEF004B3D50 /* ParameterEncoder.swift */; };
		FAD2489F23E5BD03004B3D50 /* URLParameterEncoder.swift in Sources */ = {isa = PBXBuildFile; fileRef = FAD2489E23E5BD03004B3D50 /* URLParameterEncoder.swift */; };
		FAD248A123E5BD15004B3D50 /* JSONParameterEncoder.swift in Sources */ = {isa = PBXBuildFile; fileRef = FAD248A023E5BD15004B3D50 /* JSONParameterEncoder.swift */; };
		FAD248A323E5C478004B3D50 /* ScreenRouter.swift in Sources */ = {isa = PBXBuildFile; fileRef = FAD248A223E5C478004B3D50 /* ScreenRouter.swift */; };
		FAD248A523E5C555004B3D50 /* AuthorizationManager.swift in Sources */ = {isa = PBXBuildFile; fileRef = FAD248A423E5C555004B3D50 /* AuthorizationManager.swift */; };
		FAD248A723E5EED4004B3D50 /* MainViewController.xib in Resources */ = {isa = PBXBuildFile; fileRef = FAD248A623E5EED4004B3D50 /* MainViewController.xib */; };
/* End PBXBuildFile section */

/* Begin PBXFileReference section */
		FA0AA87C23E602C9009B2F60 /* AddWordView.xib */ = {isa = PBXFileReference; lastKnownFileType = file.xib; path = AddWordView.xib; sourceTree = "<group>"; };
		FA0AA87E23E602F4009B2F60 /* LoginViewController.xib */ = {isa = PBXFileReference; lastKnownFileType = file.xib; path = LoginViewController.xib; sourceTree = "<group>"; };
		FA0AA88023E60304009B2F60 /* RegistrationViewController.xib */ = {isa = PBXFileReference; lastKnownFileType = file.xib; path = RegistrationViewController.xib; sourceTree = "<group>"; };
		FA0AA88223E8929D009B2F60 /* SettingViewController.swift */ = {isa = PBXFileReference; lastKnownFileType = sourcecode.swift; path = SettingViewController.swift; sourceTree = "<group>"; };
		FA0AA88423E892E0009B2F60 /* SettingViewController.xib */ = {isa = PBXFileReference; lastKnownFileType = file.xib; path = SettingViewController.xib; sourceTree = "<group>"; };
		FA0AA88623E9F6E5009B2F60 /* Nib.swift */ = {isa = PBXFileReference; lastKnownFileType = sourcecode.swift; path = Nib.swift; sourceTree = "<group>"; };
		FA1C42C823FDAE480058BB26 /* SoundManager.swift */ = {isa = PBXFileReference; lastKnownFileType = sourcecode.swift; path = SoundManager.swift; sourceTree = "<group>"; };
		FA2B959623FC74BF007B3210 /* HandlingAnswers.swift */ = {isa = PBXFileReference; lastKnownFileType = sourcecode.swift; path = HandlingAnswers.swift; sourceTree = "<group>"; };
		FA33187223F47AB200FC763E /* WordManager.swift */ = {isa = PBXFileReference; lastKnownFileType = sourcecode.swift; path = WordManager.swift; sourceTree = "<group>"; };
		FA4AA85923DF5D0300ED1DFF /* Word.swift */ = {isa = PBXFileReference; fileEncoding = 4; lastKnownFileType = sourcecode.swift; path = Word.swift; sourceTree = "<group>"; };
		FA50044723CA80DB00A887A9 /* RegistrationViewController.swift */ = {isa = PBXFileReference; lastKnownFileType = sourcecode.swift; path = RegistrationViewController.swift; sourceTree = "<group>"; };
		FA50044923CA83D400A887A9 /* LoginViewController.swift */ = {isa = PBXFileReference; lastKnownFileType = sourcecode.swift; path = LoginViewController.swift; sourceTree = "<group>"; };
		FA508051238D5A740069207F /* UITableView.swift */ = {isa = PBXFileReference; lastKnownFileType = sourcecode.swift; path = UITableView.swift; sourceTree = "<group>"; };
		FA55CDC12402A6DD002B5927 /* AnswersCollectionViewCell.xib */ = {isa = PBXFileReference; lastKnownFileType = file.xib; path = AnswersCollectionViewCell.xib; sourceTree = "<group>"; };
		FA62DBD02380031A0084FBC9 /* Learn words.app */ = {isa = PBXFileReference; explicitFileType = wrapper.application; includeInIndex = 0; path = "Learn words.app"; sourceTree = BUILT_PRODUCTS_DIR; };
		FA62DBD32380031A0084FBC9 /* AppDelegate.swift */ = {isa = PBXFileReference; lastKnownFileType = sourcecode.swift; path = AppDelegate.swift; sourceTree = "<group>"; };
		FA62DBD52380031A0084FBC9 /* SceneDelegate.swift */ = {isa = PBXFileReference; lastKnownFileType = sourcecode.swift; path = SceneDelegate.swift; sourceTree = "<group>"; };
		FA62DBD72380031A0084FBC9 /* MainViewController.swift */ = {isa = PBXFileReference; lastKnownFileType = sourcecode.swift; path = MainViewController.swift; sourceTree = "<group>"; };
		FA62DBDA2380031A0084FBC9 /* Base */ = {isa = PBXFileReference; lastKnownFileType = file.storyboard; name = Base; path = Base.lproj/Main.storyboard; sourceTree = "<group>"; };
		FA62DBDC2380031D0084FBC9 /* Assets.xcassets */ = {isa = PBXFileReference; lastKnownFileType = folder.assetcatalog; path = Assets.xcassets; sourceTree = "<group>"; };
		FA62DBDF2380031D0084FBC9 /* Base */ = {isa = PBXFileReference; lastKnownFileType = file.storyboard; name = Base; path = Base.lproj/LaunchScreen.storyboard; sourceTree = "<group>"; };
		FA62DBE12380031D0084FBC9 /* Info.plist */ = {isa = PBXFileReference; lastKnownFileType = text.plist.xml; path = Info.plist; sourceTree = "<group>"; };
		FA62DBE7238874D50084FBC9 /* AddWordView.swift */ = {isa = PBXFileReference; lastKnownFileType = sourcecode.swift; path = AddWordView.swift; sourceTree = "<group>"; };
		FA6A8FBE2401349A00653FF3 /* AnsweersCollectionViewController.swift */ = {isa = PBXFileReference; lastKnownFileType = sourcecode.swift; path = AnsweersCollectionViewController.swift; sourceTree = "<group>"; };
		FA6A8FC02401355300653FF3 /* AnsweersCollectionViewController.xib */ = {isa = PBXFileReference; lastKnownFileType = file.xib; path = AnsweersCollectionViewController.xib; sourceTree = "<group>"; };
		FA81380B23F5D33700A3B126 /* .gitignore */ = {isa = PBXFileReference; lastKnownFileType = text; path = .gitignore; sourceTree = "<group>"; };
		FA81381123F5DC2200A3B126 /* CollectionViewCell.xib */ = {isa = PBXFileReference; lastKnownFileType = file.xib; path = CollectionViewCell.xib; sourceTree = "<group>"; };
		FA84162A23F81C9200830984 /* CollectionViewCell.swift */ = {isa = PBXFileReference; lastKnownFileType = sourcecode.swift; path = CollectionViewCell.swift; sourceTree = "<group>"; };
		FAD2488B23E5BC42004B3D50 /* WordEndPoint.swift */ = {isa = PBXFileReference; lastKnownFileType = sourcecode.swift; path = WordEndPoint.swift; sourceTree = "<group>"; };
		FAD2488D23E5BC5F004B3D50 /* NetworkManager.swift */ = {isa = PBXFileReference; lastKnownFileType = sourcecode.swift; path = NetworkManager.swift; sourceTree = "<group>"; };
		FAD2488F23E5BC7B004B3D50 /* EndPiontType.swift */ = {isa = PBXFileReference; lastKnownFileType = sourcecode.swift; path = EndPiontType.swift; sourceTree = "<group>"; };
		FAD2489323E5BC9C004B3D50 /* HTTPMethod.swift */ = {isa = PBXFileReference; lastKnownFileType = sourcecode.swift; path = HTTPMethod.swift; sourceTree = "<group>"; };
		FAD2489523E5BCAF004B3D50 /* HTTPTask.swift */ = {isa = PBXFileReference; lastKnownFileType = sourcecode.swift; path = HTTPTask.swift; sourceTree = "<group>"; };
		FAD2489723E5BCC2004B3D50 /* NetworkRouter.swift */ = {isa = PBXFileReference; lastKnownFileType = sourcecode.swift; path = NetworkRouter.swift; sourceTree = "<group>"; };
		FAD2489A23E5BCDB004B3D50 /* Router.swift */ = {isa = PBXFileReference; lastKnownFileType = sourcecode.swift; path = Router.swift; sourceTree = "<group>"; };
		FAD2489C23E5BCEF004B3D50 /* ParameterEncoder.swift */ = {isa = PBXFileReference; lastKnownFileType = sourcecode.swift; path = ParameterEncoder.swift; sourceTree = "<group>"; };
		FAD2489E23E5BD03004B3D50 /* URLParameterEncoder.swift */ = {isa = PBXFileReference; lastKnownFileType = sourcecode.swift; path = URLParameterEncoder.swift; sourceTree = "<group>"; };
		FAD248A023E5BD15004B3D50 /* JSONParameterEncoder.swift */ = {isa = PBXFileReference; lastKnownFileType = sourcecode.swift; path = JSONParameterEncoder.swift; sourceTree = "<group>"; };
		FAD248A223E5C478004B3D50 /* ScreenRouter.swift */ = {isa = PBXFileReference; lastKnownFileType = sourcecode.swift; path = ScreenRouter.swift; sourceTree = "<group>"; };
		FAD248A423E5C555004B3D50 /* AuthorizationManager.swift */ = {isa = PBXFileReference; lastKnownFileType = sourcecode.swift; path = AuthorizationManager.swift; sourceTree = "<group>"; };
		FAD248A623E5EED4004B3D50 /* MainViewController.xib */ = {isa = PBXFileReference; lastKnownFileType = file.xib; path = MainViewController.xib; sourceTree = "<group>"; };
/* End PBXFileReference section */

/* Begin PBXFrameworksBuildPhase section */
		FA62DBCD2380031A0084FBC9 /* Frameworks */ = {
			isa = PBXFrameworksBuildPhase;
			buildActionMask = 2147483647;
			files = (
			);
			runOnlyForDeploymentPostprocessing = 0;
		};
/* End PBXFrameworksBuildPhase section */

/* Begin PBXGroup section */
		FA4AA85623DF5CC000ED1DFF /* Model */ = {
			isa = PBXGroup;
			children = (
				FA4AA85923DF5D0300ED1DFF /* Word.swift */,
				FA508051238D5A740069207F /* UITableView.swift */,
			);
			path = Model;
			sourceTree = "<group>";
		};
		FA4AA85C23DF5D3000ED1DFF /* Controller */ = {
			isa = PBXGroup;
			children = (
				FA62DBE7238874D50084FBC9 /* AddWordView.swift */,
				FA62DBD72380031A0084FBC9 /* MainViewController.swift */,
				FA50044723CA80DB00A887A9 /* RegistrationViewController.swift */,
				FA50044923CA83D400A887A9 /* LoginViewController.swift */,
				FA0AA88223E8929D009B2F60 /* SettingViewController.swift */,
				FA84162A23F81C9200830984 /* CollectionViewCell.swift */,
				FA6A8FBE2401349A00653FF3 /* AnsweersCollectionViewController.swift */,
			);
			path = Controller;
			sourceTree = "<group>";
		};
		FA4AA85D23DF5D3A00ED1DFF /* View */ = {
			isa = PBXGroup;
			children = (
				FA0AA87C23E602C9009B2F60 /* AddWordView.xib */,
				FAD248A623E5EED4004B3D50 /* MainViewController.xib */,
				FA0AA88023E60304009B2F60 /* RegistrationViewController.xib */,
				FA0AA87E23E602F4009B2F60 /* LoginViewController.xib */,
				FA0AA88423E892E0009B2F60 /* SettingViewController.xib */,
				FA81381123F5DC2200A3B126 /* CollectionViewCell.xib */,
				FA6A8FC02401355300653FF3 /* AnsweersCollectionViewController.xib */,
				FA55CDC12402A6DD002B5927 /* AnswersCollectionViewCell.xib */,
			);
			path = View;
			sourceTree = "<group>";
		};
		FA4AA86023DF671900ED1DFF /* Networking */ = {
			isa = PBXGroup;
			children = (
				FAD2488723E5BB92004B3D50 /* EndPoint */,
				FAD2488823E5BBDA004B3D50 /* Manager */,
				FAD2488923E5BBE9004B3D50 /* Service */,
				FAD2488A23E5BBF6004B3D50 /* Encoding */,
			);
			path = Networking;
			sourceTree = "<group>";
		};
		FA62DBC72380031A0084FBC9 = {
			isa = PBXGroup;
			children = (
				FA62DBD22380031A0084FBC9 /* Learn words */,
				FA62DBD12380031A0084FBC9 /* Products */,
			);
			sourceTree = "<group>";
		};
		FA62DBD12380031A0084FBC9 /* Products */ = {
			isa = PBXGroup;
			children = (
				FA62DBD02380031A0084FBC9 /* Learn words.app */,
			);
			name = Products;
			sourceTree = "<group>";
		};
		FA62DBD22380031A0084FBC9 /* Learn words */ = {
			isa = PBXGroup;
			children = (
				FA4AA86023DF671900ED1DFF /* Networking */,
				FA4AA85623DF5CC000ED1DFF /* Model */,
				FA4AA85D23DF5D3A00ED1DFF /* View */,
				FA4AA85C23DF5D3000ED1DFF /* Controller */,
				FA62DBD32380031A0084FBC9 /* AppDelegate.swift */,
				FA62DBD52380031A0084FBC9 /* SceneDelegate.swift */,
				FA62DBD92380031A0084FBC9 /* Main.storyboard */,
				FA62DBDC2380031D0084FBC9 /* Assets.xcassets */,
				FA62DBDE2380031D0084FBC9 /* LaunchScreen.storyboard */,
				FA62DBE12380031D0084FBC9 /* Info.plist */,
				FA1C42C823FDAE480058BB26 /* SoundManager.swift */,
				FAD248A223E5C478004B3D50 /* ScreenRouter.swift */,
				FAD248A423E5C555004B3D50 /* AuthorizationManager.swift */,
				FA33187223F47AB200FC763E /* WordManager.swift */,
				FA2B959623FC74BF007B3210 /* HandlingAnswers.swift */,
				FA0AA88623E9F6E5009B2F60 /* Nib.swift */,
				FA81380B23F5D33700A3B126 /* .gitignore */,
			);
			path = "Learn words";
			sourceTree = "<group>";
		};
		FAD2488723E5BB92004B3D50 /* EndPoint */ = {
			isa = PBXGroup;
			children = (
				FAD2488B23E5BC42004B3D50 /* WordEndPoint.swift */,
			);
			path = EndPoint;
			sourceTree = "<group>";
		};
		FAD2488823E5BBDA004B3D50 /* Manager */ = {
			isa = PBXGroup;
			children = (
				FAD2488D23E5BC5F004B3D50 /* NetworkManager.swift */,
			);
			path = Manager;
			sourceTree = "<group>";
		};
		FAD2488923E5BBE9004B3D50 /* Service */ = {
			isa = PBXGroup;
			children = (
				FAD2488F23E5BC7B004B3D50 /* EndPiontType.swift */,
				FAD2489323E5BC9C004B3D50 /* HTTPMethod.swift */,
				FAD2489523E5BCAF004B3D50 /* HTTPTask.swift */,
				FAD2489723E5BCC2004B3D50 /* NetworkRouter.swift */,
				FAD2489A23E5BCDB004B3D50 /* Router.swift */,
			);
			path = Service;
			sourceTree = "<group>";
		};
		FAD2488A23E5BBF6004B3D50 /* Encoding */ = {
			isa = PBXGroup;
			children = (
				FAD2489C23E5BCEF004B3D50 /* ParameterEncoder.swift */,
				FAD2489E23E5BD03004B3D50 /* URLParameterEncoder.swift */,
				FAD248A023E5BD15004B3D50 /* JSONParameterEncoder.swift */,
			);
			path = Encoding;
			sourceTree = "<group>";
		};
/* End PBXGroup section */

/* Begin PBXNativeTarget section */
		FA62DBCF2380031A0084FBC9 /* Learn words */ = {
			isa = PBXNativeTarget;
			buildConfigurationList = FA62DBE42380031D0084FBC9 /* Build configuration list for PBXNativeTarget "Learn words" */;
			buildPhases = (
				FA62DBCC2380031A0084FBC9 /* Sources */,
				FA62DBCD2380031A0084FBC9 /* Frameworks */,
				FA62DBCE2380031A0084FBC9 /* Resources */,
			);
			buildRules = (
			);
			dependencies = (
			);
			name = "Learn words";
			productName = "Learn words";
			productReference = FA62DBD02380031A0084FBC9 /* Learn words.app */;
			productType = "com.apple.product-type.application";
		};
/* End PBXNativeTarget section */

/* Begin PBXProject section */
		FA62DBC82380031A0084FBC9 /* Project object */ = {
			isa = PBXProject;
			attributes = {
				LastSwiftUpdateCheck = 1120;
				LastUpgradeCheck = 1120;
				ORGANIZATIONNAME = MacPro;
				TargetAttributes = {
					FA62DBCF2380031A0084FBC9 = {
						CreatedOnToolsVersion = 11.2.1;
					};
				};
			};
			buildConfigurationList = FA62DBCB2380031A0084FBC9 /* Build configuration list for PBXProject "Learn words" */;
			compatibilityVersion = "Xcode 9.3";
			developmentRegion = en;
			hasScannedForEncodings = 0;
			knownRegions = (
				en,
				Base,
			);
			mainGroup = FA62DBC72380031A0084FBC9;
			productRefGroup = FA62DBD12380031A0084FBC9 /* Products */;
			projectDirPath = "";
			projectRoot = "";
			targets = (
				FA62DBCF2380031A0084FBC9 /* Learn words */,
			);
		};
/* End PBXProject section */

/* Begin PBXResourcesBuildPhase section */
		FA62DBCE2380031A0084FBC9 /* Resources */ = {
			isa = PBXResourcesBuildPhase;
			buildActionMask = 2147483647;
			files = (
				FA62DBE02380031D0084FBC9 /* LaunchScreen.storyboard in Resources */,
				FA0AA87D23E602C9009B2F60 /* AddWordView.xib in Resources */,
				FA81381223F5DC2200A3B126 /* CollectionViewCell.xib in Resources */,
				FA0AA87F23E602F4009B2F60 /* LoginViewController.xib in Resources */,
				FA62DBDD2380031D0084FBC9 /* Assets.xcassets in Resources */,
				FA55CDC22402A6DD002B5927 /* AnswersCollectionViewCell.xib in Resources */,
				FA62DBDB2380031A0084FBC9 /* Main.storyboard in Resources */,
				FA6A8FC12401355300653FF3 /* AnsweersCollectionViewController.xib in Resources */,
				FA0AA88123E60304009B2F60 /* RegistrationViewController.xib in Resources */,
				FAD248A723E5EED4004B3D50 /* MainViewController.xib in Resources */,
				FA81380C23F5D33700A3B126 /* .gitignore in Resources */,
				FA0AA88523E892E0009B2F60 /* SettingViewController.xib in Resources */,
			);
			runOnlyForDeploymentPostprocessing = 0;
		};
/* End PBXResourcesBuildPhase section */

/* Begin PBXSourcesBuildPhase section */
		FA62DBCC2380031A0084FBC9 /* Sources */ = {
			isa = PBXSourcesBuildPhase;
			buildActionMask = 2147483647;
			files = (
				FAD2489623E5BCAF004B3D50 /* HTTPTask.swift in Sources */,
				FA2B959723FC74BF007B3210 /* HandlingAnswers.swift in Sources */,
				FAD2489023E5BC7B004B3D50 /* EndPiontType.swift in Sources */,
				FAD2489823E5BCC2004B3D50 /* NetworkRouter.swift in Sources */,
				FAD2489D23E5BCEF004B3D50 /* ParameterEncoder.swift in Sources */,
				FAD2488C23E5BC42004B3D50 /* WordEndPoint.swift in Sources */,
				FA84162B23F81C9200830984 /* CollectionViewCell.swift in Sources */,
				FA0AA88323E8929D009B2F60 /* SettingViewController.swift in Sources */,
				FA50044A23CA83D400A887A9 /* LoginViewController.swift in Sources */,
				FA4AA85A23DF5D0300ED1DFF /* Word.swift in Sources */,
				FA50044823CA80DB00A887A9 /* RegistrationViewController.swift in Sources */,
				FAD2489F23E5BD03004B3D50 /* URLParameterEncoder.swift in Sources */,
				FAD2488E23E5BC5F004B3D50 /* NetworkManager.swift in Sources */,
				FAD2489B23E5BCDB004B3D50 /* Router.swift in Sources */,
				FA62DBD82380031A0084FBC9 /* MainViewController.swift in Sources */,
				FA62DBD42380031A0084FBC9 /* AppDelegate.swift in Sources */,
				FAD248A523E5C555004B3D50 /* AuthorizationManager.swift in Sources */,
				FA1C42C923FDAE480058BB26 /* SoundManager.swift in Sources */,
				FA0AA88723E9F6E5009B2F60 /* Nib.swift in Sources */,
				FA508052238D5A740069207F /* UITableView.swift in Sources */,
				FAD248A323E5C478004B3D50 /* ScreenRouter.swift in Sources */,
				FAD2489423E5BC9C004B3D50 /* HTTPMethod.swift in Sources */,
				FA33187323F47AB200FC763E /* WordManager.swift in Sources */,
				FA6A8FBF2401349A00653FF3 /* AnsweersCollectionViewController.swift in Sources */,
				FA62DBD62380031A0084FBC9 /* SceneDelegate.swift in Sources */,
				FA62DBE8238874D50084FBC9 /* AddWordView.swift in Sources */,
				FAD248A123E5BD15004B3D50 /* JSONParameterEncoder.swift in Sources */,
			);
			runOnlyForDeploymentPostprocessing = 0;
		};
/* End PBXSourcesBuildPhase section */

/* Begin PBXVariantGroup section */
		FA62DBD92380031A0084FBC9 /* Main.storyboard */ = {
			isa = PBXVariantGroup;
			children = (
				FA62DBDA2380031A0084FBC9 /* Base */,
			);
			name = Main.storyboard;
			sourceTree = "<group>";
		};
		FA62DBDE2380031D0084FBC9 /* LaunchScreen.storyboard */ = {
			isa = PBXVariantGroup;
			children = (
				FA62DBDF2380031D0084FBC9 /* Base */,
			);
			name = LaunchScreen.storyboard;
			sourceTree = "<group>";
		};
/* End PBXVariantGroup section */

/* Begin XCBuildConfiguration section */
		FA62DBE22380031D0084FBC9 /* Debug */ = {
			isa = XCBuildConfiguration;
			buildSettings = {
				ALWAYS_SEARCH_USER_PATHS = NO;
				CLANG_ANALYZER_NONNULL = YES;
				CLANG_ANALYZER_NUMBER_OBJECT_CONVERSION = YES_AGGRESSIVE;
				CLANG_CXX_LANGUAGE_STANDARD = "gnu++14";
				CLANG_CXX_LIBRARY = "libc++";
				CLANG_ENABLE_MODULES = YES;
				CLANG_ENABLE_OBJC_ARC = YES;
				CLANG_ENABLE_OBJC_WEAK = YES;
				CLANG_WARN_BLOCK_CAPTURE_AUTORELEASING = YES;
				CLANG_WARN_BOOL_CONVERSION = YES;
				CLANG_WARN_COMMA = YES;
				CLANG_WARN_CONSTANT_CONVERSION = YES;
				CLANG_WARN_DEPRECATED_OBJC_IMPLEMENTATIONS = YES;
				CLANG_WARN_DIRECT_OBJC_ISA_USAGE = YES_ERROR;
				CLANG_WARN_DOCUMENTATION_COMMENTS = YES;
				CLANG_WARN_EMPTY_BODY = YES;
				CLANG_WARN_ENUM_CONVERSION = YES;
				CLANG_WARN_INFINITE_RECURSION = YES;
				CLANG_WARN_INT_CONVERSION = YES;
				CLANG_WARN_NON_LITERAL_NULL_CONVERSION = YES;
				CLANG_WARN_OBJC_IMPLICIT_RETAIN_SELF = YES;
				CLANG_WARN_OBJC_LITERAL_CONVERSION = YES;
				CLANG_WARN_OBJC_ROOT_CLASS = YES_ERROR;
				CLANG_WARN_RANGE_LOOP_ANALYSIS = YES;
				CLANG_WARN_STRICT_PROTOTYPES = YES;
				CLANG_WARN_SUSPICIOUS_MOVE = YES;
				CLANG_WARN_UNGUARDED_AVAILABILITY = YES_AGGRESSIVE;
				CLANG_WARN_UNREACHABLE_CODE = YES;
				CLANG_WARN__DUPLICATE_METHOD_MATCH = YES;
				COPY_PHASE_STRIP = NO;
				DEBUG_INFORMATION_FORMAT = dwarf;
				ENABLE_STRICT_OBJC_MSGSEND = YES;
				ENABLE_TESTABILITY = YES;
				GCC_C_LANGUAGE_STANDARD = gnu11;
				GCC_DYNAMIC_NO_PIC = NO;
				GCC_NO_COMMON_BLOCKS = YES;
				GCC_OPTIMIZATION_LEVEL = 0;
				GCC_PREPROCESSOR_DEFINITIONS = (
					"DEBUG=1",
					"$(inherited)",
				);
				GCC_WARN_64_TO_32_BIT_CONVERSION = YES;
				GCC_WARN_ABOUT_RETURN_TYPE = YES_ERROR;
				GCC_WARN_UNDECLARED_SELECTOR = YES;
				GCC_WARN_UNINITIALIZED_AUTOS = YES_AGGRESSIVE;
				GCC_WARN_UNUSED_FUNCTION = YES;
				GCC_WARN_UNUSED_VARIABLE = YES;
				IPHONEOS_DEPLOYMENT_TARGET = 13.2;
				MTL_ENABLE_DEBUG_INFO = INCLUDE_SOURCE;
				MTL_FAST_MATH = YES;
				ONLY_ACTIVE_ARCH = YES;
				SDKROOT = iphoneos;
				SWIFT_ACTIVE_COMPILATION_CONDITIONS = DEBUG;
				SWIFT_OPTIMIZATION_LEVEL = "-Onone";
			};
			name = Debug;
		};
		FA62DBE32380031D0084FBC9 /* Release */ = {
			isa = XCBuildConfiguration;
			buildSettings = {
				ALWAYS_SEARCH_USER_PATHS = NO;
				CLANG_ANALYZER_NONNULL = YES;
				CLANG_ANALYZER_NUMBER_OBJECT_CONVERSION = YES_AGGRESSIVE;
				CLANG_CXX_LANGUAGE_STANDARD = "gnu++14";
				CLANG_CXX_LIBRARY = "libc++";
				CLANG_ENABLE_MODULES = YES;
				CLANG_ENABLE_OBJC_ARC = YES;
				CLANG_ENABLE_OBJC_WEAK = YES;
				CLANG_WARN_BLOCK_CAPTURE_AUTORELEASING = YES;
				CLANG_WARN_BOOL_CONVERSION = YES;
				CLANG_WARN_COMMA = YES;
				CLANG_WARN_CONSTANT_CONVERSION = YES;
				CLANG_WARN_DEPRECATED_OBJC_IMPLEMENTATIONS = YES;
				CLANG_WARN_DIRECT_OBJC_ISA_USAGE = YES_ERROR;
				CLANG_WARN_DOCUMENTATION_COMMENTS = YES;
				CLANG_WARN_EMPTY_BODY = YES;
				CLANG_WARN_ENUM_CONVERSION = YES;
				CLANG_WARN_INFINITE_RECURSION = YES;
				CLANG_WARN_INT_CONVERSION = YES;
				CLANG_WARN_NON_LITERAL_NULL_CONVERSION = YES;
				CLANG_WARN_OBJC_IMPLICIT_RETAIN_SELF = YES;
				CLANG_WARN_OBJC_LITERAL_CONVERSION = YES;
				CLANG_WARN_OBJC_ROOT_CLASS = YES_ERROR;
				CLANG_WARN_RANGE_LOOP_ANALYSIS = YES;
				CLANG_WARN_STRICT_PROTOTYPES = YES;
				CLANG_WARN_SUSPICIOUS_MOVE = YES;
				CLANG_WARN_UNGUARDED_AVAILABILITY = YES_AGGRESSIVE;
				CLANG_WARN_UNREACHABLE_CODE = YES;
				CLANG_WARN__DUPLICATE_METHOD_MATCH = YES;
				COPY_PHASE_STRIP = NO;
				DEBUG_INFORMATION_FORMAT = "dwarf-with-dsym";
				ENABLE_NS_ASSERTIONS = NO;
				ENABLE_STRICT_OBJC_MSGSEND = YES;
				GCC_C_LANGUAGE_STANDARD = gnu11;
				GCC_NO_COMMON_BLOCKS = YES;
				GCC_WARN_64_TO_32_BIT_CONVERSION = YES;
				GCC_WARN_ABOUT_RETURN_TYPE = YES_ERROR;
				GCC_WARN_UNDECLARED_SELECTOR = YES;
				GCC_WARN_UNINITIALIZED_AUTOS = YES_AGGRESSIVE;
				GCC_WARN_UNUSED_FUNCTION = YES;
				GCC_WARN_UNUSED_VARIABLE = YES;
				IPHONEOS_DEPLOYMENT_TARGET = 13.2;
				MTL_ENABLE_DEBUG_INFO = NO;
				MTL_FAST_MATH = YES;
				SDKROOT = iphoneos;
				SWIFT_COMPILATION_MODE = wholemodule;
				SWIFT_OPTIMIZATION_LEVEL = "-O";
				VALIDATE_PRODUCT = YES;
			};
			name = Release;
		};
		FA62DBE52380031D0084FBC9 /* Debug */ = {
			isa = XCBuildConfiguration;
			buildSettings = {
				ASSETCATALOG_COMPILER_APPICON_NAME = AppIcon;
				CODE_SIGN_STYLE = Automatic;
				DEVELOPMENT_TEAM = BWL8U98295;
				INFOPLIST_FILE = "Learn words/Info.plist";
				LD_RUNPATH_SEARCH_PATHS = (
					"$(inherited)",
					"@executable_path/Frameworks",
				);
				PRODUCT_BUNDLE_IDENTIFIER = "com.almaz.Learn-words";
				PRODUCT_NAME = "$(TARGET_NAME)";
				SWIFT_VERSION = 5.0;
				TARGETED_DEVICE_FAMILY = "1,2";
			};
			name = Debug;
		};
		FA62DBE62380031D0084FBC9 /* Release */ = {
			isa = XCBuildConfiguration;
			buildSettings = {
				ASSETCATALOG_COMPILER_APPICON_NAME = AppIcon;
				CODE_SIGN_STYLE = Automatic;
				DEVELOPMENT_TEAM = BWL8U98295;
				INFOPLIST_FILE = "Learn words/Info.plist";
				LD_RUNPATH_SEARCH_PATHS = (
					"$(inherited)",
					"@executable_path/Frameworks",
				);
				PRODUCT_BUNDLE_IDENTIFIER = "com.almaz.Learn-words";
				PRODUCT_NAME = "$(TARGET_NAME)";
				SWIFT_VERSION = 5.0;
				TARGETED_DEVICE_FAMILY = "1,2";
			};
			name = Release;
		};
/* End XCBuildConfiguration section */

/* Begin XCConfigurationList section */
		FA62DBCB2380031A0084FBC9 /* Build configuration list for PBXProject "Learn words" */ = {
			isa = XCConfigurationList;
			buildConfigurations = (
				FA62DBE22380031D0084FBC9 /* Debug */,
				FA62DBE32380031D0084FBC9 /* Release */,
			);
			defaultConfigurationIsVisible = 0;
			defaultConfigurationName = Release;
		};
		FA62DBE42380031D0084FBC9 /* Build configuration list for PBXNativeTarget "Learn words" */ = {
			isa = XCConfigurationList;
			buildConfigurations = (
				FA62DBE52380031D0084FBC9 /* Debug */,
				FA62DBE62380031D0084FBC9 /* Release */,
			);
			defaultConfigurationIsVisible = 0;
			defaultConfigurationName = Release;
		};
/* End XCConfigurationList section */
	};
	rootObject = FA62DBC82380031A0084FBC9 /* Project object */;
}
